// !$*UTF8*$!
{
	archiveVersion = 1;
	classes = {
	};
	objectVersion = 56;
	objects = {

/* Begin PBXBuildFile section */
		541E7E0129700424005E01D2 /* DALL_E_2_API_ImagesApp.swift in Sources */ = {isa = PBXBuildFile; fileRef = 541E7E0029700424005E01D2 /* DALL_E_2_API_ImagesApp.swift */; };
		541E7E0329700424005E01D2 /* ContentView.swift in Sources */ = {isa = PBXBuildFile; fileRef = 541E7E0229700424005E01D2 /* ContentView.swift */; };
		541E7E0529700425005E01D2 /* Assets.xcassets in Resources */ = {isa = PBXBuildFile; fileRef = 541E7E0429700425005E01D2 /* Assets.xcassets */; };
		541E7E0829700425005E01D2 /* Preview Assets.xcassets in Resources */ = {isa = PBXBuildFile; fileRef = 541E7E0729700425005E01D2 /* Preview Assets.xcassets */; };
		541E7E0F2970048A005E01D2 /* Model.swift in Sources */ = {isa = PBXBuildFile; fileRef = 541E7E0E2970048A005E01D2 /* Model.swift */; };
		541E7E1229700524005E01D2 /* ViewExtension.swift in Sources */ = {isa = PBXBuildFile; fileRef = 541E7E1129700524005E01D2 /* ViewExtension.swift */; };
		541E7E17297005C5005E01D2 /* GenerateView.swift in Sources */ = {isa = PBXBuildFile; fileRef = 541E7E16297005C5005E01D2 /* GenerateView.swift */; };
		541E7E1929700F7D005E01D2 /* ViewModel.swift in Sources */ = {isa = PBXBuildFile; fileRef = 541E7E1829700F7D005E01D2 /* ViewModel.swift */; };
		54C262132971AA0A00AA6F43 /* OpenAI-Info.plist in Resources */ = {isa = PBXBuildFile; fileRef = 54C262122971AA0A00AA6F43 /* OpenAI-Info.plist */; };
/* End PBXBuildFile section */

/* Begin PBXFileReference section */
		541E7DFD29700424005E01D2 /* DALL・E 2 API Images.app */ = {isa = PBXFileReference; explicitFileType = wrapper.application; includeInIndex = 0; path = "DALL・E 2 API Images.app"; sourceTree = BUILT_PRODUCTS_DIR; };
		541E7E0029700424005E01D2 /* DALL_E_2_API_ImagesApp.swift */ = {isa = PBXFileReference; lastKnownFileType = sourcecode.swift; path = DALL_E_2_API_ImagesApp.swift; sourceTree = "<group>"; };
		541E7E0229700424005E01D2 /* ContentView.swift */ = {isa = PBXFileReference; lastKnownFileType = sourcecode.swift; path = ContentView.swift; sourceTree = "<group>"; };
		541E7E0429700425005E01D2 /* Assets.xcassets */ = {isa = PBXFileReference; lastKnownFileType = folder.assetcatalog; path = Assets.xcassets; sourceTree = "<group>"; };
		541E7E0729700425005E01D2 /* Preview Assets.xcassets */ = {isa = PBXFileReference; lastKnownFileType = folder.assetcatalog; path = "Preview Assets.xcassets"; sourceTree = "<group>"; };
		541E7E0E2970048A005E01D2 /* Model.swift */ = {isa = PBXFileReference; lastKnownFileType = sourcecode.swift; path = Model.swift; sourceTree = "<group>"; };
		541E7E1129700524005E01D2 /* ViewExtension.swift */ = {isa = PBXFileReference; lastKnownFileType = sourcecode.swift; path = ViewExtension.swift; sourceTree = "<group>"; };
		541E7E16297005C5005E01D2 /* GenerateView.swift */ = {isa = PBXFileReference; lastKnownFileType = sourcecode.swift; path = GenerateView.swift; sourceTree = "<group>"; };
		541E7E1829700F7D005E01D2 /* ViewModel.swift */ = {isa = PBXFileReference; lastKnownFileType = sourcecode.swift; path = ViewModel.swift; sourceTree = "<group>"; };
		546E4682297E89D100A886FB /* README.md */ = {isa = PBXFileReference; lastKnownFileType = net.daringfireball.markdown; path = README.md; sourceTree = "<group>"; };
		54C262122971AA0A00AA6F43 /* OpenAI-Info.plist */ = {isa = PBXFileReference; lastKnownFileType = text.plist.xml; path = "OpenAI-Info.plist"; sourceTree = "<group>"; };
/* End PBXFileReference section */

/* Begin PBXFrameworksBuildPhase section */
		541E7DFA29700424005E01D2 /* Frameworks */ = {
			isa = PBXFrameworksBuildPhase;
			buildActionMask = 2147483647;
			files = (
			);
			runOnlyForDeploymentPostprocessing = 0;
		};
/* End PBXFrameworksBuildPhase section */

/* Begin PBXGroup section */
		541E7DF429700423005E01D2 = {
			isa = PBXGroup;
			children = (
				546E4682297E89D100A886FB /* README.md */,
				541E7DFF29700424005E01D2 /* DALL・E 2 API Images */,
				541E7DFE29700424005E01D2 /* Products */,
			);
			sourceTree = "<group>";
		};
		541E7DFE29700424005E01D2 /* Products */ = {
			isa = PBXGroup;
			children = (
				541E7DFD29700424005E01D2 /* DALL・E 2 API Images.app */,
			);
			name = Products;
			sourceTree = "<group>";
		};
		541E7DFF29700424005E01D2 /* DALL・E 2 API Images */ = {
			isa = PBXGroup;
			children = (
				541E7E0029700424005E01D2 /* DALL_E_2_API_ImagesApp.swift */,
				541E7E0229700424005E01D2 /* ContentView.swift */,
				541E7E16297005C5005E01D2 /* GenerateView.swift */,
				541E7E1329700556005E01D2 /* Extensions */,
				541E7E10297004E7005E01D2 /* ViewModel */,
				541E7E0629700425005E01D2 /* Preview Content */,
				541E7E0429700425005E01D2 /* Assets.xcassets */,
				54C262122971AA0A00AA6F43 /* OpenAI-Info.plist */,
			);
			path = "DALL・E 2 API Images";
			sourceTree = "<group>";
		};
		541E7E0629700425005E01D2 /* Preview Content */ = {
			isa = PBXGroup;
			children = (
				541E7E0729700425005E01D2 /* Preview Assets.xcassets */,
			);
			path = "Preview Content";
			sourceTree = "<group>";
		};
		541E7E10297004E7005E01D2 /* ViewModel */ = {
			isa = PBXGroup;
			children = (
				541E7E0E2970048A005E01D2 /* Model.swift */,
				541E7E1829700F7D005E01D2 /* ViewModel.swift */,
			);
			path = ViewModel;
			sourceTree = "<group>";
		};
		541E7E1329700556005E01D2 /* Extensions */ = {
			isa = PBXGroup;
			children = (
				541E7E1129700524005E01D2 /* ViewExtension.swift */,
			);
			path = Extensions;
			sourceTree = "<group>";
		};
/* End PBXGroup section */

/* Begin PBXNativeTarget section */
		541E7DFC29700424005E01D2 /* DALL・E 2 API Images */ = {
			isa = PBXNativeTarget;
			buildConfigurationList = 541E7E0B29700425005E01D2 /* Build configuration list for PBXNativeTarget "DALL・E 2 API Images" */;
			buildPhases = (
				541E7DF929700424005E01D2 /* Sources */,
				541E7DFA29700424005E01D2 /* Frameworks */,
				541E7DFB29700424005E01D2 /* Resources */,
			);
			buildRules = (
			);
			dependencies = (
			);
			name = "DALL・E 2 API Images";
			productName = "DALL・E 2 API Images";
			productReference = 541E7DFD29700424005E01D2 /* DALL・E 2 API Images.app */;
			productType = "com.apple.product-type.application";
		};
/* End PBXNativeTarget section */

/* Begin PBXProject section */
		541E7DF529700423005E01D2 /* Project object */ = {
			isa = PBXProject;
			attributes = {
				BuildIndependentTargetsInParallel = 1;
				LastSwiftUpdateCheck = 1420;
				LastUpgradeCheck = 1420;
				TargetAttributes = {
					541E7DFC29700424005E01D2 = {
						CreatedOnToolsVersion = 14.2;
					};
				};
			};
			buildConfigurationList = 541E7DF829700423005E01D2 /* Build configuration list for PBXProject "DALL・E 2 API Images" */;
			compatibilityVersion = "Xcode 14.0";
			developmentRegion = en;
			hasScannedForEncodings = 0;
			knownRegions = (
				en,
				Base,
			);
			mainGroup = 541E7DF429700423005E01D2;
			productRefGroup = 541E7DFE29700424005E01D2 /* Products */;
			projectDirPath = "";
			projectRoot = "";
			targets = (
				541E7DFC29700424005E01D2 /* DALL・E 2 API Images */,
			);
		};
/* End PBXProject section */

/* Begin PBXResourcesBuildPhase section */
		541E7DFB29700424005E01D2 /* Resources */ = {
			isa = PBXResourcesBuildPhase;
			buildActionMask = 2147483647;
			files = (
				541E7E0829700425005E01D2 /* Preview Assets.xcassets in Resources */,
				541E7E0529700425005E01D2 /* Assets.xcassets in Resources */,
				54C262132971AA0A00AA6F43 /* OpenAI-Info.plist in Resources */,
			);
			runOnlyForDeploymentPostprocessing = 0;
		};
/* End PBXResourcesBuildPhase section */

/* Begin PBXSourcesBuildPhase section */
		541E7DF929700424005E01D2 /* Sources */ = {
			isa = PBXSourcesBuildPhase;
			buildActionMask = 2147483647;
			files = (
				541E7E0F2970048A005E01D2 /* Model.swift in Sources */,
				541E7E0329700424005E01D2 /* ContentView.swift in Sources */,
				541E7E1229700524005E01D2 /* ViewExtension.swift in Sources */,
				541E7E17297005C5005E01D2 /* GenerateView.swift in Sources */,
				541E7E1929700F7D005E01D2 /* ViewModel.swift in Sources */,
				541E7E0129700424005E01D2 /* DALL_E_2_API_ImagesApp.swift in Sources */,
			);
			runOnlyForDeploymentPostprocessing = 0;
		};
/* End PBXSourcesBuildPhase section */

/* Begin XCBuildConfiguration section */
		541E7E0929700425005E01D2 /* Debug */ = {
			isa = XCBuildConfiguration;
			buildSettings = {
				ALWAYS_SEARCH_USER_PATHS = NO;
				CLANG_ANALYZER_NONNULL = YES;
				CLANG_ANALYZER_NUMBER_OBJECT_CONVERSION = YES_AGGRESSIVE;
				CLANG_CXX_LANGUAGE_STANDARD = "gnu++20";
				CLANG_ENABLE_MODULES = YES;
				CLANG_ENABLE_OBJC_ARC = YES;
				CLANG_ENABLE_OBJC_WEAK = YES;
				CLANG_WARN_BLOCK_CAPTURE_AUTORELEASING = YES;
				CLANG_WARN_BOOL_CONVERSION = YES;
				CLANG_WARN_COMMA = YES;
				CLANG_WARN_CONSTANT_CONVERSION = YES;
				CLANG_WARN_DEPRECATED_OBJC_IMPLEMENTATIONS = YES;
				CLANG_WARN_DIRECT_OBJC_ISA_USAGE = YES_ERROR;
				CLANG_WARN_DOCUMENTATION_COMMENTS = YES;
				CLANG_WARN_EMPTY_BODY = YES;
				CLANG_WARN_ENUM_CONVERSION = YES;
				CLANG_WARN_INFINITE_RECURSION = YES;
				CLANG_WARN_INT_CONVERSION = YES;
				CLANG_WARN_NON_LITERAL_NULL_CONVERSION = YES;
				CLANG_WARN_OBJC_IMPLICIT_RETAIN_SELF = YES;
				CLANG_WARN_OBJC_LITERAL_CONVERSION = YES;
				CLANG_WARN_OBJC_ROOT_CLASS = YES_ERROR;
				CLANG_WARN_QUOTED_INCLUDE_IN_FRAMEWORK_HEADER = YES;
				CLANG_WARN_RANGE_LOOP_ANALYSIS = YES;
				CLANG_WARN_STRICT_PROTOTYPES = YES;
				CLANG_WARN_SUSPICIOUS_MOVE = YES;
				CLANG_WARN_UNGUARDED_AVAILABILITY = YES_AGGRESSIVE;
				CLANG_WARN_UNREACHABLE_CODE = YES;
				CLANG_WARN__DUPLICATE_METHOD_MATCH = YES;
				COPY_PHASE_STRIP = NO;
				DEBUG_INFORMATION_FORMAT = dwarf;
				ENABLE_STRICT_OBJC_MSGSEND = YES;
				ENABLE_TESTABILITY = YES;
				GCC_C_LANGUAGE_STANDARD = gnu11;
				GCC_DYNAMIC_NO_PIC = NO;
				GCC_NO_COMMON_BLOCKS = YES;
				GCC_OPTIMIZATION_LEVEL = 0;
				GCC_PREPROCESSOR_DEFINITIONS = (
					"DEBUG=1",
					"$(inherited)",
				);
				GCC_WARN_64_TO_32_BIT_CONVERSION = YES;
				GCC_WARN_ABOUT_RETURN_TYPE = YES_ERROR;
				GCC_WARN_UNDECLARED_SELECTOR = YES;
				GCC_WARN_UNINITIALIZED_AUTOS = YES_AGGRESSIVE;
				GCC_WARN_UNUSED_FUNCTION = YES;
				GCC_WARN_UNUSED_VARIABLE = YES;
				IPHONEOS_DEPLOYMENT_TARGET = 16.2;
				MTL_ENABLE_DEBUG_INFO = INCLUDE_SOURCE;
				MTL_FAST_MATH = YES;
				ONLY_ACTIVE_ARCH = YES;
				SDKROOT = iphoneos;
				SWIFT_ACTIVE_COMPILATION_CONDITIONS = DEBUG;
				SWIFT_OPTIMIZATION_LEVEL = "-Onone";
			};
			name = Debug;
		};
		541E7E0A29700425005E01D2 /* Release */ = {
			isa = XCBuildConfiguration;
			buildSettings = {
				ALWAYS_SEARCH_USER_PATHS = NO;
				CLANG_ANALYZER_NONNULL = YES;
				CLANG_ANALYZER_NUMBER_OBJECT_CONVERSION = YES_AGGRESSIVE;
				CLANG_CXX_LANGUAGE_STANDARD = "gnu++20";
				CLANG_ENABLE_MODULES = YES;
				CLANG_ENABLE_OBJC_ARC = YES;
				CLANG_ENABLE_OBJC_WEAK = YES;
				CLANG_WARN_BLOCK_CAPTURE_AUTORELEASING = YES;
				CLANG_WARN_BOOL_CONVERSION = YES;
				CLANG_WARN_COMMA = YES;
				CLANG_WARN_CONSTANT_CONVERSION = YES;
				CLANG_WARN_DEPRECATED_OBJC_IMPLEMENTATIONS = YES;
				CLANG_WARN_DIRECT_OBJC_ISA_USAGE = YES_ERROR;
				CLANG_WARN_DOCUMENTATION_COMMENTS = YES;
				CLANG_WARN_EMPTY_BODY = YES;
				CLANG_WARN_ENUM_CONVERSION = YES;
				CLANG_WARN_INFINITE_RECURSION = YES;
				CLANG_WARN_INT_CONVERSION = YES;
				CLANG_WARN_NON_LITERAL_NULL_CONVERSION = YES;
				CLANG_WARN_OBJC_IMPLICIT_RETAIN_SELF = YES;
				CLANG_WARN_OBJC_LITERAL_CONVERSION = YES;
				CLANG_WARN_OBJC_ROOT_CLASS = YES_ERROR;
				CLANG_WARN_QUOTED_INCLUDE_IN_FRAMEWORK_HEADER = YES;
				CLANG_WARN_RANGE_LOOP_ANALYSIS = YES;
				CLANG_WARN_STRICT_PROTOTYPES = YES;
				CLANG_WARN_SUSPICIOUS_MOVE = YES;
				CLANG_WARN_UNGUARDED_AVAILABILITY = YES_AGGRESSIVE;
				CLANG_WARN_UNREACHABLE_CODE = YES;
				CLANG_WARN__DUPLICATE_METHOD_MATCH = YES;
				COPY_PHASE_STRIP = NO;
				DEBUG_INFORMATION_FORMAT = "dwarf-with-dsym";
				ENABLE_NS_ASSERTIONS = NO;
				ENABLE_STRICT_OBJC_MSGSEND = YES;
				GCC_C_LANGUAGE_STANDARD = gnu11;
				GCC_NO_COMMON_BLOCKS = YES;
				GCC_WARN_64_TO_32_BIT_CONVERSION = YES;
				GCC_WARN_ABOUT_RETURN_TYPE = YES_ERROR;
				GCC_WARN_UNDECLARED_SELECTOR = YES;
				GCC_WARN_UNINITIALIZED_AUTOS = YES_AGGRESSIVE;
				GCC_WARN_UNUSED_FUNCTION = YES;
				GCC_WARN_UNUSED_VARIABLE = YES;
				IPHONEOS_DEPLOYMENT_TARGET = 16.2;
				MTL_ENABLE_DEBUG_INFO = NO;
				MTL_FAST_MATH = YES;
				SDKROOT = iphoneos;
				SWIFT_COMPILATION_MODE = wholemodule;
				SWIFT_OPTIMIZATION_LEVEL = "-O";
				VALIDATE_PRODUCT = YES;
			};
			name = Release;
		};
		541E7E0C29700425005E01D2 /* Debug */ = {
			isa = XCBuildConfiguration;
			buildSettings = {
				ASSETCATALOG_COMPILER_APPICON_NAME = AppIcon;
				ASSETCATALOG_COMPILER_GLOBAL_ACCENT_COLOR_NAME = AccentColor;
				CODE_SIGN_STYLE = Automatic;
				CURRENT_PROJECT_VERSION = 1;
				DEVELOPMENT_ASSET_PATHS = "\"DALL・E 2 API Images/Preview Content\"";
				DEVELOPMENT_TEAM = UVYNYY6W6Y;
				ENABLE_PREVIEWS = YES;
				GENERATE_INFOPLIST_FILE = YES;
				INFOPLIST_FILE = "DALL-E-2-API-Images-Info.plist";
				INFOPLIST_KEY_NSPhotoLibraryAddUsageDescription = "Save generated picture in Image Gallery";
				INFOPLIST_KEY_UIApplicationSupportsIndirectInputEvents = YES;
				INFOPLIST_KEY_UILaunchScreen_Generation = YES;
				INFOPLIST_KEY_UISupportedInterfaceOrientations_iPad = "UIInterfaceOrientationPortrait UIInterfaceOrientationPortraitUpsideDown UIInterfaceOrientationLandscapeLeft UIInterfaceOrientationLandscapeRight";
				INFOPLIST_KEY_UISupportedInterfaceOrientations_iPhone = "UIInterfaceOrientationPortrait UIInterfaceOrientationLandscapeLeft UIInterfaceOrientationLandscapeRight";
				IPHONEOS_DEPLOYMENT_TARGET = 16.2;
				LD_RUNPATH_SEARCH_PATHS = (
					"$(inherited)",
					"@executable_path/Frameworks",
				);
				MARKETING_VERSION = 1.0;
				PRODUCT_BUNDLE_IDENTIFIER = "com.marcocarraro.DALL-E-2-API-Images";
				PRODUCT_NAME = "$(TARGET_NAME)";
				SUPPORTED_PLATFORMS = "iphoneos iphonesimulator";
				SUPPORTS_MACCATALYST = NO;
				SUPPORTS_MAC_DESIGNED_FOR_IPHONE_IPAD = NO;
				SWIFT_EMIT_LOC_STRINGS = YES;
				SWIFT_VERSION = 5.0;
				TARGETED_DEVICE_FAMILY = 1;
			};
			name = Debug;
		};
		541E7E0D29700425005E01D2 /* Release */ = {
			isa = XCBuildConfiguration;
			buildSettings = {
				ASSETCATALOG_COMPILER_APPICON_NAME = AppIcon;
				ASSETCATALOG_COMPILER_GLOBAL_ACCENT_COLOR_NAME = AccentColor;
				CODE_SIGN_STYLE = Automatic;
				CURRENT_PROJECT_VERSION = 1;
				DEVELOPMENT_ASSET_PATHS = "\"DALL・E 2 API Images/Preview Content\"";
				DEVELOPMENT_TEAM = UVYNYY6W6Y;
				ENABLE_PREVIEWS = YES;
				GENERATE_INFOPLIST_FILE = YES;
				INFOPLIST_FILE = "DALL-E-2-API-Images-Info.plist";
				INFOPLIST_KEY_NSPhotoLibraryAddUsageDescription = "Save generated picture in Image Gallery";
				INFOPLIST_KEY_UIApplicationSupportsIndirectInputEvents = YES;
				INFOPLIST_KEY_UILaunchScreen_Generation = YES;
				INFOPLIST_KEY_UISupportedInterfaceOrientations_iPad = "UIInterfaceOrientationPortrait UIInterfaceOrientationPortraitUpsideDown UIInterfaceOrientationLandscapeLeft UIInterfaceOrientationLandscapeRight";
				INFOPLIST_KEY_UISupportedInterfaceOrientations_iPhone = "UIInterfaceOrientationPortrait UIInterfaceOrientationLandscapeLeft UIInterfaceOrientationLandscapeRight";
				IPHONEOS_DEPLOYMENT_TARGET = 16.2;
				LD_RUNPATH_SEARCH_PATHS = (
					"$(inherited)",
					"@executable_path/Frameworks",
				);
				MARKETING_VERSION = 1.0;
				PRODUCT_BUNDLE_IDENTIFIER = "com.marcocarraro.DALL-E-2-API-Images";
				PRODUCT_NAME = "$(TARGET_NAME)";
				SUPPORTED_PLATFORMS = "iphoneos iphonesimulator";
				SUPPORTS_MACCATALYST = NO;
				SUPPORTS_MAC_DESIGNED_FOR_IPHONE_IPAD = NO;
				SWIFT_EMIT_LOC_STRINGS = YES;
				SWIFT_VERSION = 5.0;
				TARGETED_DEVICE_FAMILY = 1;
			};
			name = Release;
		};
/* End XCBuildConfiguration section */

/* Begin XCConfigurationList section */
		541E7DF829700423005E01D2 /* Build configuration list for PBXProject "DALL・E 2 API Images" */ = {
			isa = XCConfigurationList;
			buildConfigurations = (
				541E7E0929700425005E01D2 /* Debug */,
				541E7E0A29700425005E01D2 /* Release */,
			);
			defaultConfigurationIsVisible = 0;
			defaultConfigurationName = Release;
		};
		541E7E0B29700425005E01D2 /* Build configuration list for PBXNativeTarget "DALL・E 2 API Images" */ = {
			isa = XCConfigurationList;
			buildConfigurations = (
				541E7E0C29700425005E01D2 /* Debug */,
				541E7E0D29700425005E01D2 /* Release */,
			);
			defaultConfigurationIsVisible = 0;
			defaultConfigurationName = Release;
		};
/* End XCConfigurationList section */
	};
	rootObject = 541E7DF529700423005E01D2 /* Project object */;
}
